// !$*UTF8*$!
{
	archiveVersion = 1;
	classes = {
	};
	objectVersion = 56;
	objects = {

/* Begin PBXBuildFile section */
		A10000010000000000000001 /* PackLabCaptureApp.swift in Sources */ = {isa = PBXBuildFile; fileRef = A10000110000000000000001 /* PackLabCaptureApp.swift */; };
		A10000010000000000000002 /* ContentView.swift in Sources */ = {isa = PBXBuildFile; fileRef = A10000110000000000000002 /* ContentView.swift */; };
		A10000010000000000000003 /* CameraService.swift in Sources */ = {isa = PBXBuildFile; fileRef = A10000110000000000000003 /* CameraService.swift */; };
		A10000010000000000000004 /* ARTrackingService.swift in Sources */ = {isa = PBXBuildFile; fileRef = A10000110000000000000004 /* ARTrackingService.swift */; };
		A10000010000000000000005 /* MotionService.swift in Sources */ = {isa = PBXBuildFile; fileRef = A10000110000000000000005 /* MotionService.swift */; };
		A10000010000000000000006 /* CaptureQualityService.swift in Sources */ = {isa = PBXBuildFile; fileRef = A10000110000000000000006 /* CaptureQualityService.swift */; };
		A10000010000000000000007 /* StorageService.swift in Sources */ = {isa = PBXBuildFile; fileRef = A10000110000000000000007 /* StorageService.swift */; };
		A10000010000000000000008 /* TransferService.swift in Sources */ = {isa = PBXBuildFile; fileRef = A10000110000000000000008 /* TransferService.swift */; };
		A10000010000000000000009 /* DiagnosticsLogger.swift in Sources */ = {isa = PBXBuildFile; fileRef = A10000110000000000000009 /* DiagnosticsLogger.swift */; };
		A10000010000000000000010 /* DiagnosticsExporter.swift in Sources */ = {isa = PBXBuildFile; fileRef = A10000110000000000000010 /* DiagnosticsExporter.swift */; };
		A10000010000000000000011 /* SimulatorFallbacks.swift in Sources */ = {isa = PBXBuildFile; fileRef = A10000110000000000000011 /* SimulatorFallbacks.swift */; };
		A10000010000000000000012 /* PackLabCaptureTests.swift in Sources */ = {isa = PBXBuildFile; fileRef = A10000110000000000000012 /* PackLabCaptureTests.swift */; };
		A10000010000000000000013 /* NextLevel in Frameworks */ = {isa = PBXBuildFile; productRef = A10000900000000000000001 /* NextLevel */; };
		A10000010000000000000014 /* PackScanWriter.swift in Sources */ = {isa = PBXBuildFile; fileRef = A10000110000000000000014 /* PackScanWriter.swift */; };
/* End PBXBuildFile section */

/* Begin PBXFileReference section */
		A10000100000000000000001 /* PackLabCapture.app */ = {isa = PBXFileReference; explicitFileType = wrapper.application; includeInIndex = 0; path = PackLabCapture.app; sourceTree = BUILT_PRODUCTS_DIR; };
		A10000110000000000000001 /* PackLabCaptureApp.swift */ = {isa = PBXFileReference; lastKnownFileType = sourcecode.swift; path = PackLabCaptureApp.swift; sourceTree = "<group>"; };
		A10000110000000000000002 /* ContentView.swift */ = {isa = PBXFileReference; lastKnownFileType = sourcecode.swift; path = ContentView.swift; sourceTree = "<group>"; };
		A10000110000000000000003 /* CameraService.swift */ = {isa = PBXFileReference; lastKnownFileType = sourcecode.swift; path = CameraService.swift; sourceTree = "<group>"; };
		A10000110000000000000004 /* ARTrackingService.swift */ = {isa = PBXFileReference; lastKnownFileType = sourcecode.swift; path = ARTrackingService.swift; sourceTree = "<group>"; };
		A10000110000000000000005 /* MotionService.swift */ = {isa = PBXFileReference; lastKnownFileType = sourcecode.swift; path = MotionService.swift; sourceTree = "<group>"; };
		A10000110000000000000006 /* CaptureQualityService.swift */ = {isa = PBXFileReference; lastKnownFileType = sourcecode.swift; path = CaptureQualityService.swift; sourceTree = "<group>"; };
		A10000110000000000000007 /* StorageService.swift */ = {isa = PBXFileReference; lastKnownFileType = sourcecode.swift; path = StorageService.swift; sourceTree = "<group>"; };
		A10000110000000000000008 /* TransferService.swift */ = {isa = PBXFileReference; lastKnownFileType = sourcecode.swift; path = TransferService.swift; sourceTree = "<group>"; };
		A10000110000000000000009 /* DiagnosticsLogger.swift */ = {isa = PBXFileReference; lastKnownFileType = sourcecode.swift; path = DiagnosticsLogger.swift; sourceTree = "<group>"; };
		A10000110000000000000010 /* DiagnosticsExporter.swift */ = {isa = PBXFileReference; lastKnownFileType = sourcecode.swift; path = DiagnosticsExporter.swift; sourceTree = "<group>"; };
		A10000110000000000000011 /* SimulatorFallbacks.swift */ = {isa = PBXFileReference; lastKnownFileType = sourcecode.swift; path = SimulatorFallbacks.swift; sourceTree = "<group>"; };
		A10000110000000000000012 /* PackLabCaptureTests.swift */ = {isa = PBXFileReference; lastKnownFileType = sourcecode.swift; path = PackLabCaptureTests.swift; sourceTree = "<group>"; };
		A10000110000000000000014 /* PackScanWriter.swift */ = {isa = PBXFileReference; lastKnownFileType = sourcecode.swift; path = PackScanWriter.swift; sourceTree = "<group>"; };
		A10000100000000000000002 /* PackLabCaptureTests.xctest */ = {isa = PBXFileReference; explicitFileType = wrapper.cfbundle; includeInIndex = 0; path = PackLabCaptureTests.xctest; sourceTree = BUILT_PRODUCTS_DIR; };
/* End PBXFileReference section */

/* Begin PBXFrameworksBuildPhase section */
		A10000200000000000000001 /* Frameworks */ = {isa = PBXFrameworksBuildPhase; buildActionMask = 2147483647; files = (A10000010000000000000013 /* NextLevel in Frameworks */,); runOnlyForDeploymentPostprocessing = 0; };
		A10000200000000000000004 /* Test Frameworks */ = {isa = PBXFrameworksBuildPhase; buildActionMask = 2147483647; files = (); runOnlyForDeploymentPostprocessing = 0; };
/* End PBXFrameworksBuildPhase section */

/* Begin PBXGroup section */
		A10000300000000000000001 = {
			isa = PBXGroup;
			children = (
				A10000300000000000000002 /* PackLabCapture */,
				A10000300000000000000007 /* PackLabCaptureTests */,
				A10000300000000000000003 /* Products */,
			);
			sourceTree = "<group>";
		};
		A10000300000000000000002 /* PackLabCapture */ = {
			isa = PBXGroup;
			children = (
				A10000110000000000000001 /* PackLabCaptureApp.swift */,
				A10000110000000000000002 /* ContentView.swift */,
				A10000300000000000000004 /* Services */,
				A10000300000000000000005 /* Diagnostics */,
				A10000300000000000000008 /* PackScan */,
				A10000300000000000000006 /* Simulator */,
			);
			path = PackLabCapture;
			sourceTree = "<group>";
		};
		A10000300000000000000004 /* Services */ = {
			isa = PBXGroup;
			children = (
				A10000110000000000000003 /* CameraService.swift */,
				A10000110000000000000004 /* ARTrackingService.swift */,
				A10000110000000000000005 /* MotionService.swift */,
				A10000110000000000000006 /* CaptureQualityService.swift */,
				A10000110000000000000007 /* StorageService.swift */,
				A10000110000000000000008 /* TransferService.swift */,
			);
			path = Services;
			sourceTree = "<group>";
		};
		A10000300000000000000006 /* Simulator */ = {
			isa = PBXGroup;
			children = (
				A10000110000000000000011 /* SimulatorFallbacks.swift */,
			);
			path = Services;
			sourceTree = "<group>";
		};
		A10000300000000000000005 /* Diagnostics */ = {
			isa = PBXGroup;
			children = (
				A10000110000000000000009 /* DiagnosticsLogger.swift */,
				A10000110000000000000010 /* DiagnosticsExporter.swift */,
			);
			path = Diagnostics;
			sourceTree = "<group>";
		};
		A10000300000000000000008 /* PackScan */ = {
			isa = PBXGroup;
			children = (
				A10000110000000000000014 /* PackScanWriter.swift */,
			);
			path = PackScan;
			sourceTree = "<group>";
		};
		A10000300000000000000007 /* PackLabCaptureTests */ = {
			isa = PBXGroup;
			children = (
				A10000110000000000000012 /* PackLabCaptureTests.swift */,
			);
			path = PackLabCaptureTests;
			sourceTree = "<group>";
		};
		A10000300000000000000003 /* Products */ = {
			isa = PBXGroup;
			children = (
				A10000100000000000000001 /* PackLabCapture.app */,
				A10000100000000000000002 /* PackLabCaptureTests.xctest */,
			);
			name = Products;
			sourceTree = "<group>";
		};
/* End PBXGroup section */

/* Begin PBXNativeTarget section */
		A10000400000000000000001 /* PackLabCapture */ = {
			isa = PBXNativeTarget;
			buildConfigurationList = A10000600000000000000002 /* Build configuration list for PBXNativeTarget "PackLabCapture" */;
			buildPhases = (
				A10000200000000000000002 /* Sources */,
				A10000200000000000000001 /* Frameworks */,
				A10000200000000000000003 /* Resources */,
			);
			buildRules = ();
			dependencies = ();
			name = PackLabCapture;
			productName = PackLabCapture;
			productReference = A10000100000000000000001 /* PackLabCapture.app */;
			productType = "com.apple.product-type.application";
			packageProductDependencies = (
				A10000900000000000000001 /* NextLevel */,
			);
		};
		A10000400000000000000002 /* PackLabCaptureTests */ = {
			isa = PBXNativeTarget;
			buildConfigurationList = A10000600000000000000003 /* Build configuration list for PBXNativeTarget "PackLabCaptureTests" */;
			buildPhases = (
				A10000200000000000000005 /* Test Sources */,
				A10000200000000000000004 /* Test Frameworks */,
				A10000200000000000000006 /* Test Resources */,
			);
			buildRules = ();
			dependencies = (
				A10001000000000000000001 /* PackLabCapture dependency */,
			);
			name = PackLabCaptureTests;
			productName = PackLabCaptureTests;
			productReference = A10000100000000000000002 /* PackLabCaptureTests.xctest */;
			productType = "com.apple.product-type.bundle.unit-test";
		};
/* End PBXNativeTarget section */

/* Begin PBXContainerItemProxy section */
		A10001010000000000000001 /* PackLabCapture target proxy */ = {
			isa = PBXContainerItemProxy;
			containerPortal = A10000500000000000000001 /* Project object */;
			proxyType = 1;
			remoteGlobalIDString = A10000400000000000000001;
			remoteInfo = PackLabCapture;
		};
/* End PBXContainerItemProxy section */

/* Begin PBXTargetDependency section */
		A10001000000000000000001 /* PackLabCapture dependency */ = {isa = PBXTargetDependency; target = A10000400000000000000001 /* PackLabCapture */; targetProxy = A10001010000000000000001 /* PackLabCapture target proxy */; };
/* End PBXTargetDependency section */

/* Begin PBXProject section */
		A10000500000000000000001 /* Project object */ = {
			isa = PBXProject;
			attributes = { LastUpgradeCheck = 1600; ORGANIZATIONNAME = PackLab; TargetAttributes = { A10000400000000000000001 = { CreatedOnToolsVersion = 16.0; }; }; };
			buildConfigurationList = A10000600000000000000001 /* Build configuration list for PBXProject "PackLabCapture" */;
			compatibilityVersion = "Xcode 14.0";
			developmentRegion = en;
			hasScannedForEncodings = 0;
			knownRegions = (en, Base,);
			mainGroup = A10000300000000000000001;
			productRefGroup = A10000300000000000000003 /* Products */;
			projectDirPath = "";
			projectRoot = "";
			targets = (A10000400000000000000001 /* PackLabCapture */, A10000400000000000000002 /* PackLabCaptureTests */);
			packageReferences = (
				A10000800000000000000001 /* XCRemoteSwiftPackageReference "NextLevel" */,
			);
		};
/* End PBXProject section */

/* Begin XCSwiftPackageProductDependency section */
		A10000900000000000000001 /* NextLevel */ = {isa = XCSwiftPackageProductDependency; package = A10000800000000000000001 /* XCRemoteSwiftPackageReference "NextLevel" */; productName = NextLevel; };
/* End XCSwiftPackageProductDependency section */

/* Begin XCRemoteSwiftPackageReference section */
		A10000800000000000000001 /* XCRemoteSwiftPackageReference "NextLevel" */ = {isa = XCRemoteSwiftPackageReference; repositoryURL = "https://github.com/NextLevel/NextLevel"; requirement = {kind = exactVersion; version = 0.19.1; }; };
/* End XCRemoteSwiftPackageReference section */

/* Begin PBXResourcesBuildPhase section */
		A10000200000000000000003 /* Resources */ = {isa = PBXResourcesBuildPhase; buildActionMask = 2147483647; files = (); runOnlyForDeploymentPostprocessing = 0; };
/* End PBXResourcesBuildPhase section */

/* Begin PBXSourcesBuildPhase section */
		A10000200000000000000002 /* Sources */ = {isa = PBXSourcesBuildPhase; buildActionMask = 2147483647; files = (A10000010000000000000001 /* PackLabCaptureApp.swift in Sources */, A10000010000000000000002 /* ContentView.swift in Sources */, A10000010000000000000003 /* CameraService.swift in Sources */, A10000010000000000000004 /* ARTrackingService.swift in Sources */, A10000010000000000000005 /* MotionService.swift in Sources */, A10000010000000000000006 /* CaptureQualityService.swift in Sources */, A10000010000000000000007 /* StorageService.swift in Sources */, A10000010000000000000008 /* TransferService.swift in Sources */, A10000010000000000000009 /* DiagnosticsLogger.swift in Sources */, A10000010000000000000010 /* DiagnosticsExporter.swift in Sources */, A10000010000000000000011 /* SimulatorFallbacks.swift in Sources */, A10000010000000000000014 /* PackScanWriter.swift in Sources */,); runOnlyForDeploymentPostprocessing = 0; };
		A10000200000000000000005 /* Test Sources */ = {isa = PBXSourcesBuildPhase; buildActionMask = 2147483647; files = (A10000010000000000000012 /* PackLabCaptureTests.swift in Sources */,); runOnlyForDeploymentPostprocessing = 0; };
		A10000200000000000000006 /* Test Resources */ = {isa = PBXResourcesBuildPhase; buildActionMask = 2147483647; files = (); runOnlyForDeploymentPostprocessing = 0; };
/* End PBXSourcesBuildPhase section */

/* Begin XCBuildConfiguration section */
		A10000700000000000000001 /* Debug */ = {isa = XCBuildConfiguration; buildSettings = { ALWAYS_SEARCH_USER_PATHS = NO; CLANG_ENABLE_MODULES = YES; CLANG_WARN_BOOL_CONVERSION = YES; CLANG_WARN_DIRECT_OBJC_ISA_USAGE = YES; CLANG_WARN_UNGUARDED_AVAILABILITY = YES; CLANG_WARN__DUPLICATE_METHOD_MATCH = YES; CODE_SIGN_STYLE = Automatic; ENABLE_TESTABILITY = YES; CURRENT_PROJECT_VERSION = 1; GENERATE_INFOPLIST_FILE = NO; GCC_WARN_ABOUT_RETURN_TYPE = YES; GCC_WARN_UNINITIALIZED_AUTOS = YES; GCC_WARN_UNUSED_FUNCTION = YES; GCC_WARN_UNUSED_VARIABLE = YES; INFOPLIST_FILE = PackLabCapture/Info.plist; IPHONEOS_DEPLOYMENT_TARGET = 17.0; MARKETING_VERSION = 0.1.0; PRODUCT_BUNDLE_IDENTIFIER = com.packlab.capture; PRODUCT_NAME = "$(TARGET_NAME)"; SDKROOT = iphoneos; SWIFT_STRICT_CONCURRENCY = complete; SWIFT_TREAT_WARNINGS_AS_ERRORS = YES; SWIFT_VERSION = 6.0; TARGETED_DEVICE_FAMILY = "1"; }; name = Debug; };
		A10000700000000000000002 /* Release */ = {isa = XCBuildConfiguration; buildSettings = { ALWAYS_SEARCH_USER_PATHS = NO; CLANG_ENABLE_MODULES = YES; CLANG_WARN_BOOL_CONVERSION = YES; CLANG_WARN_DIRECT_OBJC_ISA_USAGE = YES; CLANG_WARN_UNGUARDED_AVAILABILITY = YES; CLANG_WARN__DUPLICATE_METHOD_MATCH = YES; CODE_SIGN_STYLE = Automatic; ENABLE_TESTABILITY = YES; CURRENT_PROJECT_VERSION = 1; GENERATE_INFOPLIST_FILE = NO; GCC_WARN_ABOUT_RETURN_TYPE = YES; GCC_WARN_UNINITIALIZED_AUTOS = YES; GCC_WARN_UNUSED_FUNCTION = YES; GCC_WARN_UNUSED_VARIABLE = YES; INFOPLIST_FILE = PackLabCapture/Info.plist; IPHONEOS_DEPLOYMENT_TARGET = 17.0; MARKETING_VERSION = 0.1.0; PRODUCT_BUNDLE_IDENTIFIER = com.packlab.capture; PRODUCT_NAME = "$(TARGET_NAME)"; SDKROOT = iphoneos; SWIFT_STRICT_CONCURRENCY = complete; SWIFT_TREAT_WARNINGS_AS_ERRORS = YES; SWIFT_VERSION = 6.0; TARGETED_DEVICE_FAMILY = "1"; }; name = Release; };
		A10000700000000000000003 /* Debug */ = {isa = XCBuildConfiguration; buildSettings = { ALWAYS_SEARCH_USER_PATHS = NO; CLANG_ENABLE_MODULES = YES; }; name = Debug; };
		A10000700000000000000004 /* Release */ = {isa = XCBuildConfiguration; buildSettings = { ALWAYS_SEARCH_USER_PATHS = NO; CLANG_ENABLE_MODULES = YES; }; name = Release; };
		A10000700000000000000005 /* Debug */ = {isa = XCBuildConfiguration; buildSettings = { ALWAYS_SEARCH_USER_PATHS = NO; CLANG_ENABLE_MODULES = YES; GENERATE_INFOPLIST_FILE = YES; IPHONEOS_DEPLOYMENT_TARGET = 17.0; PRODUCT_BUNDLE_IDENTIFIER = com.packlab.capture.tests; PRODUCT_NAME = "$(TARGET_NAME)"; SDKROOT = iphoneos; SWIFT_STRICT_CONCURRENCY = complete; SWIFT_TREAT_WARNINGS_AS_ERRORS = YES; SWIFT_VERSION = 6.0; TARGETED_DEVICE_FAMILY = "1"; BUNDLE_LOADER = "$(BUILT_PRODUCTS_DIR)/PackLabCapture.app/PackLabCapture"; TEST_HOST = "$(BUNDLE_LOADER)"; }; name = Debug; };
		A10000700000000000000006 /* Release */ = {isa = XCBuildConfiguration; buildSettings = { ALWAYS_SEARCH_USER_PATHS = NO; CLANG_ENABLE_MODULES = YES; GENERATE_INFOPLIST_FILE = YES; IPHONEOS_DEPLOYMENT_TARGET = 17.0; PRODUCT_BUNDLE_IDENTIFIER = com.packlab.capture.tests; PRODUCT_NAME = "$(TARGET_NAME)"; SDKROOT = iphoneos; SWIFT_STRICT_CONCURRENCY = complete; SWIFT_TREAT_WARNINGS_AS_ERRORS = YES; SWIFT_VERSION = 6.0; TARGETED_DEVICE_FAMILY = "1"; BUNDLE_LOADER = "$(BUILT_PRODUCTS_DIR)/PackLabCapture.app/PackLabCapture"; TEST_HOST = "$(BUNDLE_LOADER)"; }; name = Release; };
/* End XCBuildConfiguration section */

/* Begin XCConfigurationList section */
		A10000600000000000000001 /* Build configuration list for PBXProject "PackLabCapture" */ = {isa = XCConfigurationList; buildConfigurations = (A10000700000000000000003 /* Debug */, A10000700000000000000004 /* Release */,); defaultConfigurationIsVisible = 0; defaultConfigurationName = Release; };
		A10000600000000000000002 /* Build configuration list for PBXNativeTarget "PackLabCapture" */ = {isa = XCConfigurationList; buildConfigurations = (A10000700000000000000001 /* Debug */, A10000700000000000000002 /* Release */,); defaultConfigurationIsVisible = 0; defaultConfigurationName = Release; };
		A10000600000000000000003 /* Build configuration list for PBXNativeTarget "PackLabCaptureTests" */ = {isa = XCConfigurationList; buildConfigurations = (A10000700000000000000005 /* Debug */, A10000700000000000000006 /* Release */,); defaultConfigurationIsVisible = 0; defaultConfigurationName = Debug; };
/* End XCConfigurationList section */
	};
	rootObject = A10000500000000000000001 /* Project object */;
}
