// !$*UTF8*$!
{
	archiveVersion = 1;
	classes = {
	};
	objectVersion = 56;
	objects = {

/* Begin PBXBuildFile section */
		A10000010000000000000001 /* PackLabCaptureApp.swift in Sources */ = {isa = PBXBuildFile; fileRef = A10000110000000000000001 /* PackLabCaptureApp.swift */; };
		A10000010000000000000002 /* ContentView.swift in Sources */ = {isa = PBXBuildFile; fileRef = A10000110000000000000002 /* ContentView.swift */; };
		A10000010000000000000003 /* CameraService.swift in Sources */ = {isa = PBXBuildFile; fileRef = A10000110000000000000003 /* CameraService.swift */; };
		A10000010000000000000004 /* ARTrackingService.swift in Sources */ = {isa = PBXBuildFile; fileRef = A10000110000000000000004 /* ARTrackingService.swift */; };
		A10000010000000000000005 /* MotionService.swift in Sources */ = {isa = PBXBuildFile; fileRef = A10000110000000000000005 /* MotionService.swift */; };
		A10000010000000000000006 /* CaptureQualityService.swift in Sources */ = {isa = PBXBuildFile; fileRef = A10000110000000000000006 /* CaptureQualityService.swift */; };
		A10000010000000000000007 /* StorageService.swift in Sources */ = {isa = PBXBuildFile; fileRef = A10000110000000000000007 /* StorageService.swift */; };
		A10000010000000000000008 /* TransferService.swift in Sources */ = {isa = PBXBuildFile; fileRef = A10000110000000000000008 /* TransferService.swift */; };
/* End PBXBuildFile section */

/* Begin PBXFileReference section */
		A10000100000000000000001 /* PackLabCapture.app */ = {isa = PBXFileReference; explicitFileType = wrapper.application; includeInIndex = 0; path = PackLabCapture.app; sourceTree = BUILT_PRODUCTS_DIR; };
		A10000110000000000000001 /* PackLabCaptureApp.swift */ = {isa = PBXFileReference; lastKnownFileType = sourcecode.swift; path = PackLabCaptureApp.swift; sourceTree = "<group>"; };
		A10000110000000000000002 /* ContentView.swift */ = {isa = PBXFileReference; lastKnownFileType = sourcecode.swift; path = ContentView.swift; sourceTree = "<group>"; };
		A10000110000000000000003 /* CameraService.swift */ = {isa = PBXFileReference; lastKnownFileType = sourcecode.swift; path = CameraService.swift; sourceTree = "<group>"; };
		A10000110000000000000004 /* ARTrackingService.swift */ = {isa = PBXFileReference; lastKnownFileType = sourcecode.swift; path = ARTrackingService.swift; sourceTree = "<group>"; };
		A10000110000000000000005 /* MotionService.swift */ = {isa = PBXFileReference; lastKnownFileType = sourcecode.swift; path = MotionService.swift; sourceTree = "<group>"; };
		A10000110000000000000006 /* CaptureQualityService.swift */ = {isa = PBXFileReference; lastKnownFileType = sourcecode.swift; path = CaptureQualityService.swift; sourceTree = "<group>"; };
		A10000110000000000000007 /* StorageService.swift */ = {isa = PBXFileReference; lastKnownFileType = sourcecode.swift; path = StorageService.swift; sourceTree = "<group>"; };
		A10000110000000000000008 /* TransferService.swift */ = {isa = PBXFileReference; lastKnownFileType = sourcecode.swift; path = TransferService.swift; sourceTree = "<group>"; };
/* End PBXFileReference section */

/* Begin PBXFrameworksBuildPhase section */
		A10000200000000000000001 /* Frameworks */ = {isa = PBXFrameworksBuildPhase; buildActionMask = 2147483647; files = (); runOnlyForDeploymentPostprocessing = 0; };
/* End PBXFrameworksBuildPhase section */

/* Begin PBXGroup section */
		A10000300000000000000001 = {
			isa = PBXGroup;
			children = (
				A10000300000000000000002 /* PackLabCapture */,
				A10000300000000000000003 /* Products */,
			);
			sourceTree = "<group>";
		};
		A10000300000000000000002 /* PackLabCapture */ = {
			isa = PBXGroup;
			children = (
				A10000110000000000000001 /* PackLabCaptureApp.swift */,
				A10000110000000000000002 /* ContentView.swift */,
				A10000300000000000000004 /* Services */,
			);
			path = PackLabCapture;
			sourceTree = "<group>";
		};
		A10000300000000000000004 /* Services */ = {
			isa = PBXGroup;
			children = (
				A10000110000000000000003 /* CameraService.swift */,
				A10000110000000000000004 /* ARTrackingService.swift */,
				A10000110000000000000005 /* MotionService.swift */,
				A10000110000000000000006 /* CaptureQualityService.swift */,
				A10000110000000000000007 /* StorageService.swift */,
				A10000110000000000000008 /* TransferService.swift */,
			);
			path = Services;
			sourceTree = "<group>";
		};
		A10000300000000000000003 /* Products */ = {
			isa = PBXGroup;
			children = (
				A10000100000000000000001 /* PackLabCapture.app */,
			);
			name = Products;
			sourceTree = "<group>";
		};
/* End PBXGroup section */

/* Begin PBXNativeTarget section */
		A10000400000000000000001 /* PackLabCapture */ = {
			isa = PBXNativeTarget;
			buildConfigurationList = A10000600000000000000002 /* Build configuration list for PBXNativeTarget "PackLabCapture" */;
			buildPhases = (
				A10000200000000000000002 /* Sources */,
				A10000200000000000000001 /* Frameworks */,
				A10000200000000000000003 /* Resources */,
			);
			buildRules = ();
			dependencies = ();
			name = PackLabCapture;
			productName = PackLabCapture;
			productReference = A10000100000000000000001 /* PackLabCapture.app */;
			productType = "com.apple.product-type.application";
			packageProductDependencies = (
				A10000900000000000000001 /* NextLevel */,
			);
		};
/* End PBXNativeTarget section */

/* Begin PBXProject section */
		A10000500000000000000001 /* Project object */ = {
			isa = PBXProject;
			attributes = { LastUpgradeCheck = 1600; ORGANIZATIONNAME = PackLab; TargetAttributes = { A10000400000000000000001 = { CreatedOnToolsVersion = 16.0; }; }; };
			buildConfigurationList = A10000600000000000000001 /* Build configuration list for PBXProject "PackLabCapture" */;
			compatibilityVersion = "Xcode 14.0";
			developmentRegion = en;
			hasScannedForEncodings = 0;
			knownRegions = (en, Base,);
			mainGroup = A10000300000000000000001;
			productRefGroup = A10000300000000000000003 /* Products */;
			projectDirPath = "";
			projectRoot = "";
			targets = (A10000400000000000000001 /* PackLabCapture */);
			packageReferences = (
				A10000800000000000000001 /* XCRemoteSwiftPackageReference "NextLevel" */,
			);
		};
/* End PBXProject section */

/* Begin XCSwiftPackageProductDependency section */
		A10000900000000000000001 /* NextLevel */ = {isa = XCSwiftPackageProductDependency; package = A10000800000000000000001 /* XCRemoteSwiftPackageReference "NextLevel" */; productName = NextLevel; };
/* End XCSwiftPackageProductDependency section */

/* Begin XCRemoteSwiftPackageReference section */
		A10000800000000000000001 /* XCRemoteSwiftPackageReference "NextLevel" */ = {isa = XCRemoteSwiftPackageReference; repositoryURL = "https://github.com/NextLevel/NextLevel"; requirement = {kind = exactVersion; version = 0.19.1; }; };
/* End XCRemoteSwiftPackageReference section */

/* Begin PBXResourcesBuildPhase section */
		A10000200000000000000003 /* Resources */ = {isa = PBXResourcesBuildPhase; buildActionMask = 2147483647; files = (); runOnlyForDeploymentPostprocessing = 0; };
/* End PBXResourcesBuildPhase section */

/* Begin PBXSourcesBuildPhase section */
		A10000200000000000000002 /* Sources */ = {isa = PBXSourcesBuildPhase; buildActionMask = 2147483647; files = (A10000010000000000000001 /* PackLabCaptureApp.swift in Sources */, A10000010000000000000002 /* ContentView.swift in Sources */, A10000010000000000000003 /* CameraService.swift in Sources */, A10000010000000000000004 /* ARTrackingService.swift in Sources */, A10000010000000000000005 /* MotionService.swift in Sources */, A10000010000000000000006 /* CaptureQualityService.swift in Sources */, A10000010000000000000007 /* StorageService.swift in Sources */, A10000010000000000000008 /* TransferService.swift in Sources */,); runOnlyForDeploymentPostprocessing = 0; };
/* End PBXSourcesBuildPhase section */

/* Begin XCBuildConfiguration section */
		A10000700000000000000001 /* Debug */ = {isa = XCBuildConfiguration; buildSettings = { ALWAYS_SEARCH_USER_PATHS = NO; CLANG_ENABLE_MODULES = YES; CODE_SIGN_STYLE = Automatic; CURRENT_PROJECT_VERSION = 1; GENERATE_INFOPLIST_FILE = NO; IPHONEOS_DEPLOYMENT_TARGET = 17.0; MARKETING_VERSION = 0.1.0; PRODUCT_BUNDLE_IDENTIFIER = com.packlab.capture; PRODUCT_NAME = "$(TARGET_NAME)"; SDKROOT = iphoneos; SWIFT_VERSION = 6.0; TARGETED_DEVICE_FAMILY = "1"; }; name = Debug; };
		A10000700000000000000002 /* Release */ = {isa = XCBuildConfiguration; buildSettings = { ALWAYS_SEARCH_USER_PATHS = NO; CLANG_ENABLE_MODULES = YES; CODE_SIGN_STYLE = Automatic; CURRENT_PROJECT_VERSION = 1; GENERATE_INFOPLIST_FILE = NO; IPHONEOS_DEPLOYMENT_TARGET = 17.0; MARKETING_VERSION = 0.1.0; PRODUCT_BUNDLE_IDENTIFIER = com.packlab.capture; PRODUCT_NAME = "$(TARGET_NAME)"; SDKROOT = iphoneos; SWIFT_VERSION = 6.0; TARGETED_DEVICE_FAMILY = "1"; }; name = Release; };
		A10000700000000000000003 /* Debug */ = {isa = XCBuildConfiguration; buildSettings = { ALWAYS_SEARCH_USER_PATHS = NO; CLANG_ENABLE_MODULES = YES; }; name = Debug; };
		A10000700000000000000004 /* Release */ = {isa = XCBuildConfiguration; buildSettings = { ALWAYS_SEARCH_USER_PATHS = NO; CLANG_ENABLE_MODULES = YES; }; name = Release; };
/* End XCBuildConfiguration section */

/* Begin XCConfigurationList section */
		A10000600000000000000001 /* Build configuration list for PBXProject "PackLabCapture" */ = {isa = XCConfigurationList; buildConfigurations = (A10000700000000000000003 /* Debug */, A10000700000000000000004 /* Release */,); defaultConfigurationIsVisible = 0; defaultConfigurationName = Release; };
		A10000600000000000000002 /* Build configuration list for PBXNativeTarget "PackLabCapture" */ = {isa = XCConfigurationList; buildConfigurations = (A10000700000000000000001 /* Debug */, A10000700000000000000002 /* Release */,); defaultConfigurationIsVisible = 0; defaultConfigurationName = Release; };
/* End XCConfigurationList section */
	};
	rootObject = A10000500000000000000001 /* Project object */;
}
